# This file is automatically @generated by Cargo.
# It is not intended for manual editing.
version = 3

[[package]]
name = "boot_riscv64"
version = "0.0.0"
dependencies = [
 "ftl",
]

[[package]]
name = "bump_allocator"
version = "0.0.0"

[[package]]
name = "ftl"
version = "0.0.0"
dependencies = [
 "bump_allocator",
]
