# This file is automatically @generated by Cargo.
# It is not intended for manual editing.
version = 4

[[package]]
name = "allocator-api2"
version = "0.2.21"
source = "registry+https://github.com/rust-lang/crates.io-index"
checksum = "683d7910e743518b0e34f1186f92494becacb047c7b6bf616c96772180fef923"

[[package]]
name = "equivalent"
version = "1.0.2"
source = "registry+https://github.com/rust-lang/crates.io-index"
checksum = "877a4ace8713b0bcf2a4e7eec82529c029f1d0619886d18145fea96c3ffe5c0f"

[[package]]
name = "foldhash"
version = "0.2.0"
source = "registry+https://github.com/rust-lang/crates.io-index"
checksum = "77ce24cb58228fbb8aa041425bb1050850ac19177686ea6e0f41a70416f56fdb"

[[package]]
name = "ftl"
version = "0.0.0"
dependencies = [
 "ftl_bump_allocator",
 "ftl_types",
 "ftl_utils",
]

[[package]]
name = "ftl_arrayvec"
version = "0.0.0"

[[package]]
name = "ftl_bump_allocator"
version = "0.0.0"
dependencies = [
 "ftl_utils",
]

[[package]]
name = "ftl_driver"
version = "0.0.0"

[[package]]
name = "ftl_elf"
version = "0.0.0"

[[package]]
name = "ftl_malloc"
version = "0.0.0"
dependencies = [
 "ftl_utils",
]

[[package]]
name = "ftl_types"
version = "0.0.0"

[[package]]
name = "ftl_utils"
version = "0.0.0"

[[package]]
name = "ftl_virtio"
version = "0.0.0"
dependencies = [
 "ftl_driver",
 "ftl_utils",
]

[[package]]
name = "hashbrown"
version = "0.17.1"
source = "registry+https://github.com/rust-lang/crates.io-index"
checksum = "ed5909b6e89a2db4456e54cd5f673791d7eca6732202bbf2a9cc504fe2f9b84a"
dependencies = [
 "allocator-api2",
 "equivalent",
 "foldhash",
]

[[package]]
name = "kernel"
version = "0.0.0"
dependencies = [
 "ftl_arrayvec",
 "ftl_bump_allocator",
 "ftl_driver",
 "ftl_elf",
 "ftl_malloc",
 "ftl_types",
 "ftl_utils",
 "hashbrown",
 "virtio_net",
]

[[package]]
name = "lx"
version = "0.0.0"
dependencies = [
 "ftl",
 "ftl_elf",
 "ftl_types",
 "ftl_utils",
 "hashbrown",
]

[[package]]
name = "virtio_net"
version = "0.0.0"
dependencies = [
 "ftl_driver",
 "ftl_utils",
 "ftl_virtio",
]
